// !$*UTF8*$!
{
	archiveVersion = 1;
	classes = {
	};
	objectVersion = 55;
	objects = {

/* Begin PBXBuildFile section */
		04054CCE287CAD3D00A25D0D /* DevoteApp.swift in Sources */ = {isa = PBXBuildFile; fileRef = 04054CCD287CAD3D00A25D0D /* DevoteApp.swift */; };
		04054CD0287CAD3D00A25D0D /* ContentView.swift in Sources */ = {isa = PBXBuildFile; fileRef = 04054CCF287CAD3D00A25D0D /* ContentView.swift */; };
		04054CD2287CAD4100A25D0D /* Assets.xcassets in Resources */ = {isa = PBXBuildFile; fileRef = 04054CD1287CAD4100A25D0D /* Assets.xcassets */; };
		04054CD5287CAD4100A25D0D /* Preview Assets.xcassets in Resources */ = {isa = PBXBuildFile; fileRef = 04054CD4287CAD4100A25D0D /* Preview Assets.xcassets */; };
		04054CD7287CAD4100A25D0D /* Persistence.swift in Sources */ = {isa = PBXBuildFile; fileRef = 04054CD6287CAD4100A25D0D /* Persistence.swift */; };
		04054CDA287CAD4100A25D0D /* Devote.xcdatamodeld in Sources */ = {isa = PBXBuildFile; fileRef = 04054CD8287CAD4100A25D0D /* Devote.xcdatamodeld */; };
		04054CE3287CADFC00A25D0D /* sound-ding.mp3 in Resources */ = {isa = PBXBuildFile; fileRef = 04054CE0287CADFC00A25D0D /* sound-ding.mp3 */; };
		04054CE4287CADFC00A25D0D /* sound-tap.mp3 in Resources */ = {isa = PBXBuildFile; fileRef = 04054CE1287CADFC00A25D0D /* sound-tap.mp3 */; };
		04054CE5287CADFC00A25D0D /* sound-rise.mp3 in Resources */ = {isa = PBXBuildFile; fileRef = 04054CE2287CADFC00A25D0D /* sound-rise.mp3 */; };
		04054CF3287CBBE800A25D0D /* Constant.swift in Sources */ = {isa = PBXBuildFile; fileRef = 04054CF2287CBBE800A25D0D /* Constant.swift */; };
		04054CF5287CC79100A25D0D /* HideKeyboardExtension.swift in Sources */ = {isa = PBXBuildFile; fileRef = 04054CF4287CC79100A25D0D /* HideKeyboardExtension.swift */; };
		04054CF7287CCC9B00A25D0D /* BackgroundImageView.swift in Sources */ = {isa = PBXBuildFile; fileRef = 04054CF6287CCC9B00A25D0D /* BackgroundImageView.swift */; };
		045CC8AD287E05E400E562CE /* ListRowItemView.swift in Sources */ = {isa = PBXBuildFile; fileRef = 045CC8AC287E05E400E562CE /* ListRowItemView.swift */; };
		045CC8AF287E0ADD00E562CE /* CheckBoxStyle.swift in Sources */ = {isa = PBXBuildFile; fileRef = 045CC8AE287E0ADD00E562CE /* CheckBoxStyle.swift */; };
		045CC8B1287E16F200E562CE /* SoundPlayer.swift in Sources */ = {isa = PBXBuildFile; fileRef = 045CC8B0287E16F200E562CE /* SoundPlayer.swift */; };
		045CC8B9287E1D2A00E562CE /* WidgetKit.framework in Frameworks */ = {isa = PBXBuildFile; fileRef = 045CC8B8287E1D2A00E562CE /* WidgetKit.framework */; };
		045CC8BB287E1D2A00E562CE /* SwiftUI.framework in Frameworks */ = {isa = PBXBuildFile; fileRef = 045CC8BA287E1D2A00E562CE /* SwiftUI.framework */; };
		045CC8BE287E1D2A00E562CE /* DevoteWidget.swift in Sources */ = {isa = PBXBuildFile; fileRef = 045CC8BD287E1D2A00E562CE /* DevoteWidget.swift */; };
		045CC8C0287E1D2C00E562CE /* Assets.xcassets in Resources */ = {isa = PBXBuildFile; fileRef = 045CC8BF287E1D2C00E562CE /* Assets.xcassets */; };
		045CC8C4287E1D2C00E562CE /* DevoteWidgetExtension.appex in Embed App Extensions */ = {isa = PBXBuildFile; fileRef = 045CC8B6287E1D2A00E562CE /* DevoteWidgetExtension.appex */; settings = {ATTRIBUTES = (RemoveHeadersOnCopy, ); }; };
		045CC8C9287E21C600E562CE /* Assets.xcassets in Resources */ = {isa = PBXBuildFile; fileRef = 04054CD1287CAD4100A25D0D /* Assets.xcassets */; };
		045CC8CA287E227600E562CE /* Constant.swift in Sources */ = {isa = PBXBuildFile; fileRef = 04054CF2287CBBE800A25D0D /* Constant.swift */; };
		04A92432287D003400EAA2B1 /* NewTaskItemView.swift in Sources */ = {isa = PBXBuildFile; fileRef = 04A92431287D003400EAA2B1 /* NewTaskItemView.swift */; };
		04A92434287D087C00EAA2B1 /* BlankView.swift in Sources */ = {isa = PBXBuildFile; fileRef = 04A92433287D087C00EAA2B1 /* BlankView.swift */; };
/* End PBXBuildFile section */

/* Begin PBXContainerItemProxy section */
		045CC8C2287E1D2C00E562CE /* PBXContainerItemProxy */ = {
			isa = PBXContainerItemProxy;
			containerPortal = 04054CC2287CAD3C00A25D0D /* Project object */;
			proxyType = 1;
			remoteGlobalIDString = 045CC8B5287E1D2A00E562CE;
			remoteInfo = DevoteWidgetExtension;
		};
/* End PBXContainerItemProxy section */

/* Begin PBXCopyFilesBuildPhase section */
		045CC8C8287E1D2C00E562CE /* Embed App Extensions */ = {
			isa = PBXCopyFilesBuildPhase;
			buildActionMask = 2147483647;
			dstPath = "";
			dstSubfolderSpec = 13;
			files = (
				045CC8C4287E1D2C00E562CE /* DevoteWidgetExtension.appex in Embed App Extensions */,
			);
			name = "Embed App Extensions";
			runOnlyForDeploymentPostprocessing = 0;
		};
/* End PBXCopyFilesBuildPhase section */

/* Begin PBXFileReference section */
		04054CCA287CAD3D00A25D0D /* Devote.app */ = {isa = PBXFileReference; explicitFileType = wrapper.application; includeInIndex = 0; path = Devote.app; sourceTree = BUILT_PRODUCTS_DIR; };
		04054CCD287CAD3D00A25D0D /* DevoteApp.swift */ = {isa = PBXFileReference; lastKnownFileType = sourcecode.swift; path = DevoteApp.swift; sourceTree = "<group>"; };
		04054CCF287CAD3D00A25D0D /* ContentView.swift */ = {isa = PBXFileReference; lastKnownFileType = sourcecode.swift; path = ContentView.swift; sourceTree = "<group>"; };
		04054CD1287CAD4100A25D0D /* Assets.xcassets */ = {isa = PBXFileReference; lastKnownFileType = folder.assetcatalog; path = Assets.xcassets; sourceTree = "<group>"; };
		04054CD4287CAD4100A25D0D /* Preview Assets.xcassets */ = {isa = PBXFileReference; lastKnownFileType = folder.assetcatalog; path = "Preview Assets.xcassets"; sourceTree = "<group>"; };
		04054CD6287CAD4100A25D0D /* Persistence.swift */ = {isa = PBXFileReference; lastKnownFileType = sourcecode.swift; path = Persistence.swift; sourceTree = "<group>"; };
		04054CD9287CAD4100A25D0D /* Devote.xcdatamodel */ = {isa = PBXFileReference; lastKnownFileType = wrapper.xcdatamodel; path = Devote.xcdatamodel; sourceTree = "<group>"; };
		04054CE0287CADFC00A25D0D /* sound-ding.mp3 */ = {isa = PBXFileReference; lastKnownFileType = audio.mp3; path = "sound-ding.mp3"; sourceTree = "<group>"; };
		04054CE1287CADFC00A25D0D /* sound-tap.mp3 */ = {isa = PBXFileReference; lastKnownFileType = audio.mp3; path = "sound-tap.mp3"; sourceTree = "<group>"; };
		04054CE2287CADFC00A25D0D /* sound-rise.mp3 */ = {isa = PBXFileReference; lastKnownFileType = audio.mp3; path = "sound-rise.mp3"; sourceTree = "<group>"; };
		04054CED287CAEF800A25D0D /* Info.plist */ = {isa = PBXFileReference; lastKnownFileType = text.plist; path = Info.plist; sourceTree = "<group>"; };
		04054CF2287CBBE800A25D0D /* Constant.swift */ = {isa = PBXFileReference; lastKnownFileType = sourcecode.swift; path = Constant.swift; sourceTree = "<group>"; };
		04054CF4287CC79100A25D0D /* HideKeyboardExtension.swift */ = {isa = PBXFileReference; lastKnownFileType = sourcecode.swift; path = HideKeyboardExtension.swift; sourceTree = "<group>"; };
		04054CF6287CCC9B00A25D0D /* BackgroundImageView.swift */ = {isa = PBXFileReference; lastKnownFileType = sourcecode.swift; path = BackgroundImageView.swift; sourceTree = "<group>"; };
		045CC8AC287E05E400E562CE /* ListRowItemView.swift */ = {isa = PBXFileReference; lastKnownFileType = sourcecode.swift; path = ListRowItemView.swift; sourceTree = "<group>"; };
		045CC8AE287E0ADD00E562CE /* CheckBoxStyle.swift */ = {isa = PBXFileReference; lastKnownFileType = sourcecode.swift; path = CheckBoxStyle.swift; sourceTree = "<group>"; };
		045CC8B0287E16F200E562CE /* SoundPlayer.swift */ = {isa = PBXFileReference; lastKnownFileType = sourcecode.swift; path = SoundPlayer.swift; sourceTree = "<group>"; };
		045CC8B6287E1D2A00E562CE /* DevoteWidgetExtension.appex */ = {isa = PBXFileReference; explicitFileType = "wrapper.app-extension"; includeInIndex = 0; path = DevoteWidgetExtension.appex; sourceTree = BUILT_PRODUCTS_DIR; };
		045CC8B8287E1D2A00E562CE /* WidgetKit.framework */ = {isa = PBXFileReference; lastKnownFileType = wrapper.framework; name = WidgetKit.framework; path = System/Library/Frameworks/WidgetKit.framework; sourceTree = SDKROOT; };
		045CC8BA287E1D2A00E562CE /* SwiftUI.framework */ = {isa = PBXFileReference; lastKnownFileType = wrapper.framework; name = SwiftUI.framework; path = System/Library/Frameworks/SwiftUI.framework; sourceTree = SDKROOT; };
		045CC8BD287E1D2A00E562CE /* DevoteWidget.swift */ = {isa = PBXFileReference; lastKnownFileType = sourcecode.swift; path = DevoteWidget.swift; sourceTree = "<group>"; };
		045CC8BF287E1D2C00E562CE /* Assets.xcassets */ = {isa = PBXFileReference; lastKnownFileType = folder.assetcatalog; path = Assets.xcassets; sourceTree = "<group>"; };
		045CC8C1287E1D2C00E562CE /* Info.plist */ = {isa = PBXFileReference; lastKnownFileType = text.plist.xml; path = Info.plist; sourceTree = "<group>"; };
		04A92431287D003400EAA2B1 /* NewTaskItemView.swift */ = {isa = PBXFileReference; lastKnownFileType = sourcecode.swift; path = NewTaskItemView.swift; sourceTree = "<group>"; };
		04A92433287D087C00EAA2B1 /* BlankView.swift */ = {isa = PBXFileReference; lastKnownFileType = sourcecode.swift; path = BlankView.swift; sourceTree = "<group>"; };
/* End PBXFileReference section */

/* Begin PBXFrameworksBuildPhase section */
		04054CC7287CAD3D00A25D0D /* Frameworks */ = {
			isa = PBXFrameworksBuildPhase;
			buildActionMask = 2147483647;
			files = (
			);
			runOnlyForDeploymentPostprocessing = 0;
		};
		045CC8B3287E1D2A00E562CE /* Frameworks */ = {
			isa = PBXFrameworksBuildPhase;
			buildActionMask = 2147483647;
			files = (
				045CC8BB287E1D2A00E562CE /* SwiftUI.framework in Frameworks */,
				045CC8B9287E1D2A00E562CE /* WidgetKit.framework in Frameworks */,
			);
			runOnlyForDeploymentPostprocessing = 0;
		};
/* End PBXFrameworksBuildPhase section */

/* Begin PBXGroup section */
		04054CC1287CAD3C00A25D0D = {
			isa = PBXGroup;
			children = (
				04054CCC287CAD3D00A25D0D /* Devote */,
				045CC8BC287E1D2A00E562CE /* DevoteWidget */,
				045CC8B7287E1D2A00E562CE /* Frameworks */,
				04054CCB287CAD3D00A25D0D /* Products */,
			);
			sourceTree = "<group>";
		};
		04054CCB287CAD3D00A25D0D /* Products */ = {
			isa = PBXGroup;
			children = (
				04054CCA287CAD3D00A25D0D /* Devote.app */,
				045CC8B6287E1D2A00E562CE /* DevoteWidgetExtension.appex */,
			);
			name = Products;
			sourceTree = "<group>";
		};
		04054CCC287CAD3D00A25D0D /* Devote */ = {
			isa = PBXGroup;
			children = (
				04054CED287CAEF800A25D0D /* Info.plist */,
				04054CEA287CAE4700A25D0D /* Style */,
				04054CE9287CAE4100A25D0D /* Utility */,
				04054CE8287CAE3A00A25D0D /* Extension */,
				04054CE6287CAE1B00A25D0D /* Sound */,
				04054CE7287CAE2D00A25D0D /* View */,
				04054CD1287CAD4100A25D0D /* Assets.xcassets */,
				04054CEB287CAE6E00A25D0D /* Model */,
				04054CD3287CAD4100A25D0D /* Preview Content */,
				04054CCD287CAD3D00A25D0D /* DevoteApp.swift */,
			);
			path = Devote;
			sourceTree = "<group>";
		};
		04054CD3287CAD4100A25D0D /* Preview Content */ = {
			isa = PBXGroup;
			children = (
				04054CD4287CAD4100A25D0D /* Preview Assets.xcassets */,
			);
			path = "Preview Content";
			sourceTree = "<group>";
		};
		04054CE6287CAE1B00A25D0D /* Sound */ = {
			isa = PBXGroup;
			children = (
				04054CE0287CADFC00A25D0D /* sound-ding.mp3 */,
				04054CE2287CADFC00A25D0D /* sound-rise.mp3 */,
				04054CE1287CADFC00A25D0D /* sound-tap.mp3 */,
			);
			path = Sound;
			sourceTree = "<group>";
		};
		04054CE7287CAE2D00A25D0D /* View */ = {
			isa = PBXGroup;
			children = (
				04054CCF287CAD3D00A25D0D /* ContentView.swift */,
				04054CF6287CCC9B00A25D0D /* BackgroundImageView.swift */,
				04A92431287D003400EAA2B1 /* NewTaskItemView.swift */,
				04A92433287D087C00EAA2B1 /* BlankView.swift */,
				045CC8AC287E05E400E562CE /* ListRowItemView.swift */,
			);
			path = View;
			sourceTree = "<group>";
		};
		04054CE8287CAE3A00A25D0D /* Extension */ = {
			isa = PBXGroup;
			children = (
				04054CF4287CC79100A25D0D /* HideKeyboardExtension.swift */,
			);
			path = Extension;
			sourceTree = "<group>";
		};
		04054CE9287CAE4100A25D0D /* Utility */ = {
			isa = PBXGroup;
			children = (
				04054CF2287CBBE800A25D0D /* Constant.swift */,
				045CC8B0287E16F200E562CE /* SoundPlayer.swift */,
			);
			path = Utility;
			sourceTree = "<group>";
		};
		04054CEA287CAE4700A25D0D /* Style */ = {
			isa = PBXGroup;
			children = (
				045CC8AE287E0ADD00E562CE /* CheckBoxStyle.swift */,
			);
			path = Style;
			sourceTree = "<group>";
		};
		04054CEB287CAE6E00A25D0D /* Model */ = {
			isa = PBXGroup;
			children = (
				04054CD6287CAD4100A25D0D /* Persistence.swift */,
				04054CD8287CAD4100A25D0D /* Devote.xcdatamodeld */,
			);
			path = Model;
			sourceTree = "<group>";
		};
		045CC8B7287E1D2A00E562CE /* Frameworks */ = {
			isa = PBXGroup;
			children = (
				045CC8B8287E1D2A00E562CE /* WidgetKit.framework */,
				045CC8BA287E1D2A00E562CE /* SwiftUI.framework */,
			);
			name = Frameworks;
			sourceTree = "<group>";
		};
		045CC8BC287E1D2A00E562CE /* DevoteWidget */ = {
			isa = PBXGroup;
			children = (
				045CC8BD287E1D2A00E562CE /* DevoteWidget.swift */,
				045CC8BF287E1D2C00E562CE /* Assets.xcassets */,
				045CC8C1287E1D2C00E562CE /* Info.plist */,
			);
			path = DevoteWidget;
			sourceTree = "<group>";
		};
/* End PBXGroup section */

/* Begin PBXNativeTarget section */
		04054CC9287CAD3D00A25D0D /* Devote */ = {
			isa = PBXNativeTarget;
			buildConfigurationList = 04054CDD287CAD4100A25D0D /* Build configuration list for PBXNativeTarget "Devote" */;
			buildPhases = (
				04054CC6287CAD3D00A25D0D /* Sources */,
				04054CC7287CAD3D00A25D0D /* Frameworks */,
				04054CC8287CAD3D00A25D0D /* Resources */,
				045CC8C8287E1D2C00E562CE /* Embed App Extensions */,
			);
			buildRules = (
			);
			dependencies = (
				045CC8C3287E1D2C00E562CE /* PBXTargetDependency */,
			);
			name = Devote;
			productName = Devote;
			productReference = 04054CCA287CAD3D00A25D0D /* Devote.app */;
			productType = "com.apple.product-type.application";
		};
		045CC8B5287E1D2A00E562CE /* DevoteWidgetExtension */ = {
			isa = PBXNativeTarget;
			buildConfigurationList = 045CC8C5287E1D2C00E562CE /* Build configuration list for PBXNativeTarget "DevoteWidgetExtension" */;
			buildPhases = (
				045CC8B2287E1D2A00E562CE /* Sources */,
				045CC8B3287E1D2A00E562CE /* Frameworks */,
				045CC8B4287E1D2A00E562CE /* Resources */,
			);
			buildRules = (
			);
			dependencies = (
			);
			name = DevoteWidgetExtension;
			productName = DevoteWidgetExtension;
			productReference = 045CC8B6287E1D2A00E562CE /* DevoteWidgetExtension.appex */;
			productType = "com.apple.product-type.app-extension";
		};
/* End PBXNativeTarget section */

/* Begin PBXProject section */
		04054CC2287CAD3C00A25D0D /* Project object */ = {
			isa = PBXProject;
			attributes = {
				BuildIndependentTargetsInParallel = 1;
				LastSwiftUpdateCheck = 1340;
				LastUpgradeCheck = 1340;
				TargetAttributes = {
					04054CC9287CAD3D00A25D0D = {
						CreatedOnToolsVersion = 13.4.1;
					};
					045CC8B5287E1D2A00E562CE = {
						CreatedOnToolsVersion = 13.4.1;
					};
				};
			};
			buildConfigurationList = 04054CC5287CAD3C00A25D0D /* Build configuration list for PBXProject "Devote" */;
			compatibilityVersion = "Xcode 13.0";
			developmentRegion = en;
			hasScannedForEncodings = 0;
			knownRegions = (
				en,
				Base,
			);
			mainGroup = 04054CC1287CAD3C00A25D0D;
			productRefGroup = 04054CCB287CAD3D00A25D0D /* Products */;
			projectDirPath = "";
			projectRoot = "";
			targets = (
				04054CC9287CAD3D00A25D0D /* Devote */,
				045CC8B5287E1D2A00E562CE /* DevoteWidgetExtension */,
			);
		};
/* End PBXProject section */

/* Begin PBXResourcesBuildPhase section */
		04054CC8287CAD3D00A25D0D /* Resources */ = {
			isa = PBXResourcesBuildPhase;
			buildActionMask = 2147483647;
			files = (
				04054CE5287CADFC00A25D0D /* sound-rise.mp3 in Resources */,
				04054CD5287CAD4100A25D0D /* Preview Assets.xcassets in Resources */,
				04054CD2287CAD4100A25D0D /* Assets.xcassets in Resources */,
				04054CE4287CADFC00A25D0D /* sound-tap.mp3 in Resources */,
				04054CE3287CADFC00A25D0D /* sound-ding.mp3 in Resources */,
			);
			runOnlyForDeploymentPostprocessing = 0;
		};
		045CC8B4287E1D2A00E562CE /* Resources */ = {
			isa = PBXResourcesBuildPhase;
			buildActionMask = 2147483647;
			files = (
				045CC8C9287E21C600E562CE /* Assets.xcassets in Resources */,
				045CC8C0287E1D2C00E562CE /* Assets.xcassets in Resources */,
			);
			runOnlyForDeploymentPostprocessing = 0;
		};
/* End PBXResourcesBuildPhase section */

/* Begin PBXSourcesBuildPhase section */
		04054CC6287CAD3D00A25D0D /* Sources */ = {
			isa = PBXSourcesBuildPhase;
			buildActionMask = 2147483647;
			files = (
				04054CD7287CAD4100A25D0D /* Persistence.swift in Sources */,
				04054CF7287CCC9B00A25D0D /* BackgroundImageView.swift in Sources */,
				04054CD0287CAD3D00A25D0D /* ContentView.swift in Sources */,
				04054CF5287CC79100A25D0D /* HideKeyboardExtension.swift in Sources */,
				04A92434287D087C00EAA2B1 /* BlankView.swift in Sources */,
				04054CF3287CBBE800A25D0D /* Constant.swift in Sources */,
				045CC8AD287E05E400E562CE /* ListRowItemView.swift in Sources */,
				04054CDA287CAD4100A25D0D /* Devote.xcdatamodeld in Sources */,
				045CC8AF287E0ADD00E562CE /* CheckBoxStyle.swift in Sources */,
				04054CCE287CAD3D00A25D0D /* DevoteApp.swift in Sources */,
				045CC8B1287E16F200E562CE /* SoundPlayer.swift in Sources */,
				04A92432287D003400EAA2B1 /* NewTaskItemView.swift in Sources */,
			);
			runOnlyForDeploymentPostprocessing = 0;
		};
		045CC8B2287E1D2A00E562CE /* Sources */ = {
			isa = PBXSourcesBuildPhase;
			buildActionMask = 2147483647;
			files = (
				045CC8BE287E1D2A00E562CE /* DevoteWidget.swift in Sources */,
				045CC8CA287E227600E562CE /* Constant.swift in Sources */,
			);
			runOnlyForDeploymentPostprocessing = 0;
		};
/* End PBXSourcesBuildPhase section */

/* Begin PBXTargetDependency section */
		045CC8C3287E1D2C00E562CE /* PBXTargetDependency */ = {
			isa = PBXTargetDependency;
			target = 045CC8B5287E1D2A00E562CE /* DevoteWidgetExtension */;
			targetProxy = 045CC8C2287E1D2C00E562CE /* PBXContainerItemProxy */;
		};
/* End PBXTargetDependency section */

/* Begin XCBuildConfiguration section */
		04054CDB287CAD4100A25D0D /* Debug */ = {
			isa = XCBuildConfiguration;
			buildSettings = {
				ALWAYS_SEARCH_USER_PATHS = NO;
				CLANG_ANALYZER_NONNULL = YES;
				CLANG_ANALYZER_NUMBER_OBJECT_CONVERSION = YES_AGGRESSIVE;
				CLANG_CXX_LANGUAGE_STANDARD = "gnu++17";
				CLANG_ENABLE_MODULES = YES;
				CLANG_ENABLE_OBJC_ARC = YES;
				CLANG_ENABLE_OBJC_WEAK = YES;
				CLANG_WARN_BLOCK_CAPTURE_AUTORELEASING = YES;
				CLANG_WARN_BOOL_CONVERSION = YES;
				CLANG_WARN_COMMA = YES;
				CLANG_WARN_CONSTANT_CONVERSION = YES;
				CLANG_WARN_DEPRECATED_OBJC_IMPLEMENTATIONS = YES;
				CLANG_WARN_DIRECT_OBJC_ISA_USAGE = YES_ERROR;
				CLANG_WARN_DOCUMENTATION_COMMENTS = YES;
				CLANG_WARN_EMPTY_BODY = YES;
				CLANG_WARN_ENUM_CONVERSION = YES;
				CLANG_WARN_INFINITE_RECURSION = YES;
				CLANG_WARN_INT_CONVERSION = YES;
				CLANG_WARN_NON_LITERAL_NULL_CONVERSION = YES;
				CLANG_WARN_OBJC_IMPLICIT_RETAIN_SELF = YES;
				CLANG_WARN_OBJC_LITERAL_CONVERSION = YES;
				CLANG_WARN_OBJC_ROOT_CLASS = YES_ERROR;
				CLANG_WARN_QUOTED_INCLUDE_IN_FRAMEWORK_HEADER = YES;
				CLANG_WARN_RANGE_LOOP_ANALYSIS = YES;
				CLANG_WARN_STRICT_PROTOTYPES = YES;
				CLANG_WARN_SUSPICIOUS_MOVE = YES;
				CLANG_WARN_UNGUARDED_AVAILABILITY = YES_AGGRESSIVE;
				CLANG_WARN_UNREACHABLE_CODE = YES;
				CLANG_WARN__DUPLICATE_METHOD_MATCH = YES;
				COPY_PHASE_STRIP = NO;
				DEBUG_INFORMATION_FORMAT = dwarf;
				ENABLE_STRICT_OBJC_MSGSEND = YES;
				ENABLE_TESTABILITY = YES;
				GCC_C_LANGUAGE_STANDARD = gnu11;
				GCC_DYNAMIC_NO_PIC = NO;
				GCC_NO_COMMON_BLOCKS = YES;
				GCC_OPTIMIZATION_LEVEL = 0;
				GCC_PREPROCESSOR_DEFINITIONS = (
					"DEBUG=1",
					"$(inherited)",
				);
				GCC_WARN_64_TO_32_BIT_CONVERSION = YES;
				GCC_WARN_ABOUT_RETURN_TYPE = YES_ERROR;
				GCC_WARN_UNDECLARED_SELECTOR = YES;
				GCC_WARN_UNINITIALIZED_AUTOS = YES_AGGRESSIVE;
				GCC_WARN_UNUSED_FUNCTION = YES;
				GCC_WARN_UNUSED_VARIABLE = YES;
				IPHONEOS_DEPLOYMENT_TARGET = 15.5;
				MTL_ENABLE_DEBUG_INFO = INCLUDE_SOURCE;
				MTL_FAST_MATH = YES;
				ONLY_ACTIVE_ARCH = YES;
				SDKROOT = iphoneos;
				SWIFT_ACTIVE_COMPILATION_CONDITIONS = DEBUG;
				SWIFT_OPTIMIZATION_LEVEL = "-Onone";
			};
			name = Debug;
		};
		04054CDC287CAD4100A25D0D /* Release */ = {
			isa = XCBuildConfiguration;
			buildSettings = {
				ALWAYS_SEARCH_USER_PATHS = NO;
				CLANG_ANALYZER_NONNULL = YES;
				CLANG_ANALYZER_NUMBER_OBJECT_CONVERSION = YES_AGGRESSIVE;
				CLANG_CXX_LANGUAGE_STANDARD = "gnu++17";
				CLANG_ENABLE_MODULES = YES;
				CLANG_ENABLE_OBJC_ARC = YES;
				CLANG_ENABLE_OBJC_WEAK = YES;
				CLANG_WARN_BLOCK_CAPTURE_AUTORELEASING = YES;
				CLANG_WARN_BOOL_CONVERSION = YES;
				CLANG_WARN_COMMA = YES;
				CLANG_WARN_CONSTANT_CONVERSION = YES;
				CLANG_WARN_DEPRECATED_OBJC_IMPLEMENTATIONS = YES;
				CLANG_WARN_DIRECT_OBJC_ISA_USAGE = YES_ERROR;
				CLANG_WARN_DOCUMENTATION_COMMENTS = YES;
				CLANG_WARN_EMPTY_BODY = YES;
				CLANG_WARN_ENUM_CONVERSION = YES;
				CLANG_WARN_INFINITE_RECURSION = YES;
				CLANG_WARN_INT_CONVERSION = YES;
				CLANG_WARN_NON_LITERAL_NULL_CONVERSION = YES;
				CLANG_WARN_OBJC_IMPLICIT_RETAIN_SELF = YES;
				CLANG_WARN_OBJC_LITERAL_CONVERSION = YES;
				CLANG_WARN_OBJC_ROOT_CLASS = YES_ERROR;
				CLANG_WARN_QUOTED_INCLUDE_IN_FRAMEWORK_HEADER = YES;
				CLANG_WARN_RANGE_LOOP_ANALYSIS = YES;
				CLANG_WARN_STRICT_PROTOTYPES = YES;
				CLANG_WARN_SUSPICIOUS_MOVE = YES;
				CLANG_WARN_UNGUARDED_AVAILABILITY = YES_AGGRESSIVE;
				CLANG_WARN_UNREACHABLE_CODE = YES;
				CLANG_WARN__DUPLICATE_METHOD_MATCH = YES;
				COPY_PHASE_STRIP = NO;
				DEBUG_INFORMATION_FORMAT = "dwarf-with-dsym";
				ENABLE_NS_ASSERTIONS = NO;
				ENABLE_STRICT_OBJC_MSGSEND = YES;
				GCC_C_LANGUAGE_STANDARD = gnu11;
				GCC_NO_COMMON_BLOCKS = YES;
				GCC_WARN_64_TO_32_BIT_CONVERSION = YES;
				GCC_WARN_ABOUT_RETURN_TYPE = YES_ERROR;
				GCC_WARN_UNDECLARED_SELECTOR = YES;
				GCC_WARN_UNINITIALIZED_AUTOS = YES_AGGRESSIVE;
				GCC_WARN_UNUSED_FUNCTION = YES;
				GCC_WARN_UNUSED_VARIABLE = YES;
				IPHONEOS_DEPLOYMENT_TARGET = 15.5;
				MTL_ENABLE_DEBUG_INFO = NO;
				MTL_FAST_MATH = YES;
				SDKROOT = iphoneos;
				SWIFT_COMPILATION_MODE = wholemodule;
				SWIFT_OPTIMIZATION_LEVEL = "-O";
				VALIDATE_PRODUCT = YES;
			};
			name = Release;
		};
		04054CDE287CAD4100A25D0D /* Debug */ = {
			isa = XCBuildConfiguration;
			buildSettings = {
				ALWAYS_EMBED_SWIFT_STANDARD_LIBRARIES = YES;
				ASSETCATALOG_COMPILER_APPICON_NAME = AppIcon;
				ASSETCATALOG_COMPILER_GLOBAL_ACCENT_COLOR_NAME = AccentColor;
				CODE_SIGN_STYLE = Automatic;
				CURRENT_PROJECT_VERSION = 1;
				DEVELOPMENT_ASSET_PATHS = "\"Devote/Preview Content\"";
				ENABLE_PREVIEWS = YES;
				GENERATE_INFOPLIST_FILE = YES;
				INFOPLIST_FILE = Devote/Info.plist;
				INFOPLIST_KEY_UIApplicationSceneManifest_Generation = YES;
				INFOPLIST_KEY_UIApplicationSupportsIndirectInputEvents = YES;
				INFOPLIST_KEY_UISupportedInterfaceOrientations = UIInterfaceOrientationPortrait;
				INFOPLIST_KEY_UISupportedInterfaceOrientations_iPad = "UIInterfaceOrientationPortrait UIInterfaceOrientationPortraitUpsideDown UIInterfaceOrientationLandscapeLeft UIInterfaceOrientationLandscapeRight";
				INFOPLIST_KEY_UISupportedInterfaceOrientations_iPhone = "UIInterfaceOrientationPortrait UIInterfaceOrientationLandscapeLeft UIInterfaceOrientationLandscapeRight";
				LD_RUNPATH_SEARCH_PATHS = (
					"$(inherited)",
					"@executable_path/Frameworks",
				);
				MARKETING_VERSION = 1.0;
				PRODUCT_BUNDLE_IDENTIFIER = com.VoodooTango.Devote;
				PRODUCT_NAME = "$(TARGET_NAME)";
				SWIFT_EMIT_LOC_STRINGS = YES;
				SWIFT_VERSION = 5.0;
				TARGETED_DEVICE_FAMILY = "1,2";
			};
			name = Debug;
		};
		04054CDF287CAD4100A25D0D /* Release */ = {
			isa = XCBuildConfiguration;
			buildSettings = {
				ALWAYS_EMBED_SWIFT_STANDARD_LIBRARIES = YES;
				ASSETCATALOG_COMPILER_APPICON_NAME = AppIcon;
				ASSETCATALOG_COMPILER_GLOBAL_ACCENT_COLOR_NAME = AccentColor;
				CODE_SIGN_STYLE = Automatic;
				CURRENT_PROJECT_VERSION = 1;
				DEVELOPMENT_ASSET_PATHS = "\"Devote/Preview Content\"";
				ENABLE_PREVIEWS = YES;
				GENERATE_INFOPLIST_FILE = YES;
				INFOPLIST_FILE = Devote/Info.plist;
				INFOPLIST_KEY_UIApplicationSceneManifest_Generation = YES;
				INFOPLIST_KEY_UIApplicationSupportsIndirectInputEvents = YES;
				INFOPLIST_KEY_UISupportedInterfaceOrientations = UIInterfaceOrientationPortrait;
				INFOPLIST_KEY_UISupportedInterfaceOrientations_iPad = "UIInterfaceOrientationPortrait UIInterfaceOrientationPortraitUpsideDown UIInterfaceOrientationLandscapeLeft UIInterfaceOrientationLandscapeRight";
				INFOPLIST_KEY_UISupportedInterfaceOrientations_iPhone = "UIInterfaceOrientationPortrait UIInterfaceOrientationLandscapeLeft UIInterfaceOrientationLandscapeRight";
				LD_RUNPATH_SEARCH_PATHS = (
					"$(inherited)",
					"@executable_path/Frameworks",
				);
				MARKETING_VERSION = 1.0;
				PRODUCT_BUNDLE_IDENTIFIER = com.VoodooTango.Devote;
				PRODUCT_NAME = "$(TARGET_NAME)";
				SWIFT_EMIT_LOC_STRINGS = YES;
				SWIFT_VERSION = 5.0;
				TARGETED_DEVICE_FAMILY = "1,2";
			};
			name = Release;
		};
		045CC8C6287E1D2C00E562CE /* Debug */ = {
			isa = XCBuildConfiguration;
			buildSettings = {
				ASSETCATALOG_COMPILER_GLOBAL_ACCENT_COLOR_NAME = AccentColor;
				ASSETCATALOG_COMPILER_WIDGET_BACKGROUND_COLOR_NAME = WidgetBackground;
				CODE_SIGN_STYLE = Automatic;
				CURRENT_PROJECT_VERSION = 1;
				GENERATE_INFOPLIST_FILE = YES;
				INFOPLIST_FILE = DevoteWidget/Info.plist;
				INFOPLIST_KEY_CFBundleDisplayName = DevoteWidget;
				INFOPLIST_KEY_NSHumanReadableCopyright = "";
				LD_RUNPATH_SEARCH_PATHS = (
					"$(inherited)",
					"@executable_path/Frameworks",
					"@executable_path/../../Frameworks",
				);
				MARKETING_VERSION = 1.0;
				PRODUCT_BUNDLE_IDENTIFIER = com.VoodooTango.Devote.DevoteWidget;
				PRODUCT_NAME = "$(TARGET_NAME)";
				SKIP_INSTALL = YES;
				SWIFT_EMIT_LOC_STRINGS = YES;
				SWIFT_VERSION = 5.0;
				TARGETED_DEVICE_FAMILY = "1,2";
			};
			name = Debug;
		};
		045CC8C7287E1D2C00E562CE /* Release */ = {
			isa = XCBuildConfiguration;
			buildSettings = {
				ASSETCATALOG_COMPILER_GLOBAL_ACCENT_COLOR_NAME = AccentColor;
				ASSETCATALOG_COMPILER_WIDGET_BACKGROUND_COLOR_NAME = WidgetBackground;
				CODE_SIGN_STYLE = Automatic;
				CURRENT_PROJECT_VERSION = 1;
				GENERATE_INFOPLIST_FILE = YES;
				INFOPLIST_FILE = DevoteWidget/Info.plist;
				INFOPLIST_KEY_CFBundleDisplayName = DevoteWidget;
				INFOPLIST_KEY_NSHumanReadableCopyright = "";
				LD_RUNPATH_SEARCH_PATHS = (
					"$(inherited)",
					"@executable_path/Frameworks",
					"@executable_path/../../Frameworks",
				);
				MARKETING_VERSION = 1.0;
				PRODUCT_BUNDLE_IDENTIFIER = com.VoodooTango.Devote.DevoteWidget;
				PRODUCT_NAME = "$(TARGET_NAME)";
				SKIP_INSTALL = YES;
				SWIFT_EMIT_LOC_STRINGS = YES;
				SWIFT_VERSION = 5.0;
				TARGETED_DEVICE_FAMILY = "1,2";
			};
			name = Release;
		};
/* End XCBuildConfiguration section */

/* Begin XCConfigurationList section */
		04054CC5287CAD3C00A25D0D /* Build configuration list for PBXProject "Devote" */ = {
			isa = XCConfigurationList;
			buildConfigurations = (
				04054CDB287CAD4100A25D0D /* Debug */,
				04054CDC287CAD4100A25D0D /* Release */,
			);
			defaultConfigurationIsVisible = 0;
			defaultConfigurationName = Release;
		};
		04054CDD287CAD4100A25D0D /* Build configuration list for PBXNativeTarget "Devote" */ = {
			isa = XCConfigurationList;
			buildConfigurations = (
				04054CDE287CAD4100A25D0D /* Debug */,
				04054CDF287CAD4100A25D0D /* Release */,
			);
			defaultConfigurationIsVisible = 0;
			defaultConfigurationName = Release;
		};
		045CC8C5287E1D2C00E562CE /* Build configuration list for PBXNativeTarget "DevoteWidgetExtension" */ = {
			isa = XCConfigurationList;
			buildConfigurations = (
				045CC8C6287E1D2C00E562CE /* Debug */,
				045CC8C7287E1D2C00E562CE /* Release */,
			);
			defaultConfigurationIsVisible = 0;
			defaultConfigurationName = Release;
		};
/* End XCConfigurationList section */

/* Begin XCVersionGroup section */
		04054CD8287CAD4100A25D0D /* Devote.xcdatamodeld */ = {
			isa = XCVersionGroup;
			children = (
				04054CD9287CAD4100A25D0D /* Devote.xcdatamodel */,
			);
			currentVersion = 04054CD9287CAD4100A25D0D /* Devote.xcdatamodel */;
			path = Devote.xcdatamodeld;
			sourceTree = "<group>";
			versionGroupType = wrapper.xcdatamodel;
		};
/* End XCVersionGroup section */
	};
	rootObject = 04054CC2287CAD3C00A25D0D /* Project object */;
}
